
Microsoft Visual Studio Solution File, Format Version 12.00
# Visual Studio Version 17
VisualStudioVersion = 17.6.33815.320
MinimumVisualStudioVersion = 10.0.40219.1
Project("{FAE04EC0-301F-11D3-BF4B-00C04F79EFBC}") = "WebApplication1", "WebApplication1\WebApplication1.csproj", "{66D5A77D-36D4-40CD-9E4A-AC636CBCFDE9}"
EndProject
Global
	GlobalSection(SolutionConfigurationPlatforms) = preSolution
		Debug|Any CPU = Debug|Any CPU
		Release|Any CPU = Release|Any CPU
	EndGlobalSection
	GlobalSection(ProjectConfigurationPlatforms) = postSolution
		{66D5A77D-36D4-40CD-9E4A-AC636CBCFDE9}.Debug|Any CPU.ActiveCfg = Debug|Any CPU
		{66D5A77D-36D4-40CD-9E4A-AC636CBCFDE9}.Debug|Any CPU.Build.0 = Debug|Any CPU
		{66D5A77D-36D4-40CD-9E4A-AC636CBCFDE9}.Release|Any CPU.ActiveCfg = Release|Any CPU
		{66D5A77D-36D4-40CD-9E4A-AC636CBCFDE9}.Release|Any CPU.Build.0 = Release|Any CPU
	EndGlobalSection
	GlobalSection(SolutionProperties) = preSolution
		HideSolutionNode = FALSE
	EndGlobalSection
	GlobalSection(ExtensibilityGlobals) = postSolution
		SolutionGuid = {BAAD2A69-BD93-4243-B84C-B8AC6896B9E5}
	EndGlobalSection
EndGlobal
